
Microsoft Visual Studio Solution File, Format Version 12.00
# Visual Studio 15
VisualStudioVersion = 15.0.28307.136
MinimumVisualStudioVersion = 10.0.40219.1
Project("{FAE04EC0-301F-11D3-BF4B-00C04F79EFBC}") = "SeleniumExercise", "SeleniumExercise\SeleniumExercise.csproj", "{8E7FB3DB-3B6D-4788-B873-73E920049610}"
EndProject
Global
	GlobalSection(SolutionConfigurationPlatforms) = preSolution
		Debug|Any CPU = Debug|Any CPU
		Release|Any CPU = Release|Any CPU
	EndGlobalSection
	GlobalSection(ProjectConfigurationPlatforms) = postSolution
		{8E7FB3DB-3B6D-4788-B873-73E920049610}.Debug|Any CPU.ActiveCfg = Debug|Any CPU
		{8E7FB3DB-3B6D-4788-B873-73E920049610}.Debug|Any CPU.Build.0 = Debug|Any CPU
		{8E7FB3DB-3B6D-4788-B873-73E920049610}.Release|Any CPU.ActiveCfg = Release|Any CPU
		{8E7FB3DB-3B6D-4788-B873-73E920049610}.Release|Any CPU.Build.0 = Release|Any CPU
	EndGlobalSection
	GlobalSection(SolutionProperties) = preSolution
		HideSolutionNode = FALSE
	EndGlobalSection
	GlobalSection(ExtensibilityGlobals) = postSolution
		SolutionGuid = {CD8FC007-3FF6-4436-B68B-03B91644677B}
	EndGlobalSection
EndGlobal
